
Microsoft Visual Studio Solution File, Format Version 12.00
# Visual Studio Version 17
VisualStudioVersion = 17.7.34031.279
MinimumVisualStudioVersion = 10.0.40219.1
Project("{FAE04EC0-301F-11D3-BF4B-00C04F79EFBC}") = "BrainTumor", "BrainTumor.csproj", "{0152BCB4-D1AE-431A-932D-5D7408E1261B}"
EndProject
Project("{9A19103F-16F7-4668-BE54-9A1E7A4F7556}") = "ML_Model1", "..\ML_Model1\ML_Model1.csproj", "{0A6C45F5-3CEB-48C4-99F6-E613744C0540}"
EndProject
Global
	GlobalSection(SolutionConfigurationPlatforms) = preSolution
		Debug|Any CPU = Debug|Any CPU
		Release|Any CPU = Release|Any CPU
	EndGlobalSection
	GlobalSection(ProjectConfigurationPlatforms) = postSolution
		{0152BCB4-D1AE-431A-932D-5D7408E1261B}.Debug|Any CPU.ActiveCfg = Debug|Any CPU
		{0152BCB4-D1AE-431A-932D-5D7408E1261B}.Debug|Any CPU.Build.0 = Debug|Any CPU
		{0152BCB4-D1AE-431A-932D-5D7408E1261B}.Release|Any CPU.ActiveCfg = Release|Any CPU
		{0152BCB4-D1AE-431A-932D-5D7408E1261B}.Release|Any CPU.Build.0 = Release|Any CPU
		{0A6C45F5-3CEB-48C4-99F6-E613744C0540}.Debug|Any CPU.ActiveCfg = Debug|Any CPU
		{0A6C45F5-3CEB-48C4-99F6-E613744C0540}.Debug|Any CPU.Build.0 = Debug|Any CPU
		{0A6C45F5-3CEB-48C4-99F6-E613744C0540}.Release|Any CPU.ActiveCfg = Release|Any CPU
		{0A6C45F5-3CEB-48C4-99F6-E613744C0540}.Release|Any CPU.Build.0 = Release|Any CPU
	EndGlobalSection
	GlobalSection(SolutionProperties) = preSolution
		HideSolutionNode = FALSE
	EndGlobalSection
	GlobalSection(ExtensibilityGlobals) = postSolution
		SolutionGuid = {06D5BD0D-8EB1-47F0-980F-3F7FE6299522}
	EndGlobalSection
EndGlobal
